
Microsoft Visual Studio Solution File, Format Version 12.00
Project("{FAE04EC0-301F-11D3-BF4B-00C04F79EFBC}") = "Frontend", "Frontend.csproj", "{F1935C57-E465-45A0-88D7-43B6DBDCE692}"
EndProject
Project("{2150E333-8FDC-42A3-9474-1A3956D46DE8}") = "Solution Items", "Solution Items", "{179206DA-6A5C-4C4E-B0F5-B7EC770E9BF5}"
	ProjectSection(SolutionItems) = preProject
		compose.yaml = compose.yaml
	EndProjectSection
EndProject
Global
	GlobalSection(SolutionConfigurationPlatforms) = preSolution
		Debug|Any CPU = Debug|Any CPU
		Release|Any CPU = Release|Any CPU
	EndGlobalSection
	GlobalSection(ProjectConfigurationPlatforms) = postSolution
		{F1935C57-E465-45A0-88D7-43B6DBDCE692}.Debug|Any CPU.ActiveCfg = Debug|Any CPU
		{F1935C57-E465-45A0-88D7-43B6DBDCE692}.Debug|Any CPU.Build.0 = Debug|Any CPU
		{F1935C57-E465-45A0-88D7-43B6DBDCE692}.Release|Any CPU.ActiveCfg = Release|Any CPU
		{F1935C57-E465-45A0-88D7-43B6DBDCE692}.Release|Any CPU.Build.0 = Release|Any CPU
	EndGlobalSection
EndGlobal
